
Microsoft Visual Studio Solution File, Format Version 12.00
# Visual Studio Version 16
VisualStudioVersion = 16.0.29613.14
MinimumVisualStudioVersion = 10.0.40219.1
Project("{FAE04EC0-301F-11D3-BF4B-00C04F79EFBC}") = "DesignPattern", "DesignPattern\DesignPattern.csproj", "{748942CD-05D3-4852-B5F0-07396DFB2FA7}"
EndProject
Global
	GlobalSection(SolutionConfigurationPlatforms) = preSolution
		Debug|Any CPU = Debug|Any CPU
		Release|Any CPU = Release|Any CPU
	EndGlobalSection
	GlobalSection(ProjectConfigurationPlatforms) = postSolution
		{748942CD-05D3-4852-B5F0-07396DFB2FA7}.Debug|Any CPU.ActiveCfg = Debug|Any CPU
		{748942CD-05D3-4852-B5F0-07396DFB2FA7}.Debug|Any CPU.Build.0 = Debug|Any CPU
		{748942CD-05D3-4852-B5F0-07396DFB2FA7}.Release|Any CPU.ActiveCfg = Release|Any CPU
		{748942CD-05D3-4852-B5F0-07396DFB2FA7}.Release|Any CPU.Build.0 = Release|Any CPU
	EndGlobalSection
	GlobalSection(SolutionProperties) = preSolution
		HideSolutionNode = FALSE
	EndGlobalSection
	GlobalSection(ExtensibilityGlobals) = postSolution
		SolutionGuid = {5DDB25A0-D1C1-4CAD-81C8-885A541E4BA4}
	EndGlobalSection
EndGlobal
